
Microsoft Visual Studio Solution File, Format Version 12.00
# Visual Studio 15
Project("{FAE04EC0-301F-11D3-BF4B-00C04F79EFBC}") = "Assembly-CSharp", "Assembly-CSharp.csproj", "{80695D97-6189-6F30-543E-A1014CBB1A88}"
EndProject
Project("{FAE04EC0-301F-11D3-BF4B-00C04F79EFBC}") = "Assembly-CSharp-Editor", "Assembly-CSharp-Editor.csproj", "{FB0BDEC7-A041-05A8-E1D0-808A37F99A73}"
EndProject
Global
	GlobalSection(SolutionConfigurationPlatforms) = preSolution
		Debug|Any CPU = Debug|Any CPU
		Release|Any CPU = Release|Any CPU
	EndGlobalSection
	GlobalSection(ProjectConfigurationPlatforms) = postSolution
		{80695D97-6189-6F30-543E-A1014CBB1A88}.Debug|Any CPU.ActiveCfg = Debug|Any CPU
		{80695D97-6189-6F30-543E-A1014CBB1A88}.Debug|Any CPU.Build.0 = Debug|Any CPU
		{80695D97-6189-6F30-543E-A1014CBB1A88}.Release|Any CPU.ActiveCfg = Release|Any CPU
		{80695D97-6189-6F30-543E-A1014CBB1A88}.Release|Any CPU.Build.0 = Release|Any CPU
		{FB0BDEC7-A041-05A8-E1D0-808A37F99A73}.Debug|Any CPU.ActiveCfg = Debug|Any CPU
		{FB0BDEC7-A041-05A8-E1D0-808A37F99A73}.Debug|Any CPU.Build.0 = Debug|Any CPU
		{FB0BDEC7-A041-05A8-E1D0-808A37F99A73}.Release|Any CPU.ActiveCfg = Release|Any CPU
		{FB0BDEC7-A041-05A8-E1D0-808A37F99A73}.Release|Any CPU.Build.0 = Release|Any CPU
	EndGlobalSection
	GlobalSection(SolutionProperties) = preSolution
		HideSolutionNode = FALSE
	EndGlobalSection
EndGlobal
